// !$*UTF8*$!
{
	archiveVersion = 1;
	classes = {
	};
	objectVersion = 60;
	objects = {

/* Begin PBXBuildFile section */
		100000000000000000000001 /* UMSH/App/UMSHApp.swift in Sources */ = {isa = PBXBuildFile; fileRef = 200000000000000000000001 /* UMSH/App/UMSHApp.swift */; };
		10000000000000000000001A /* UMSH/Services/Radio/RadioGatt.swift in Sources */ = {isa = PBXBuildFile; fileRef = 20000000000000000000001A /* UMSH/Services/Radio/RadioGatt.swift */; };
		10000000000000000000001B /* UMSH/Services/Radio/AdminSessionRegistry.swift in Sources */ = {isa = PBXBuildFile; fileRef = 20000000000000000000001B /* UMSH/Services/Radio/AdminSessionRegistry.swift */; };
		10000000000000000000001C /* UMSH/Services/Radio/AdministrativeDeviceSession.swift in Sources */ = {isa = PBXBuildFile; fileRef = 20000000000000000000001C /* UMSH/Services/Radio/AdministrativeDeviceSession.swift */; };
		10000000000000000000001D /* UMSH/Features/DeviceSetup/DeviceSetupFlowView.swift in Sources */ = {isa = PBXBuildFile; fileRef = 20000000000000000000001D /* UMSH/Features/DeviceSetup/DeviceSetupFlowView.swift */; };
		10000000000000000000001E /* UMSH/Features/DeviceSetup/DeviceScanView.swift in Sources */ = {isa = PBXBuildFile; fileRef = 20000000000000000000001E /* UMSH/Features/DeviceSetup/DeviceScanView.swift */; };
		10000000000000000000001F /* UMSH/Features/DeviceSetup/DeviceSettingsView.swift in Sources */ = {isa = PBXBuildFile; fileRef = 20000000000000000000001F /* UMSH/Features/DeviceSetup/DeviceSettingsView.swift */; };
		100000000000000000000002 /* UMSH/App/AppRootView.swift in Sources */ = {isa = PBXBuildFile; fileRef = 200000000000000000000002 /* UMSH/App/AppRootView.swift */; };
		10000000000000000000002A /* UMSH/Features/DeviceSetup/RepeaterSettingsSection.swift in Sources */ = {isa = PBXBuildFile; fileRef = 20000000000000000000002A /* UMSH/Features/DeviceSetup/RepeaterSettingsSection.swift */; };
		1869C93FA5740240966C2CEB /* UMSH/Features/DeviceSetup/RadioProfileSource.swift in Sources */ = {isa = PBXBuildFile; fileRef = 2869C93FA5740240966C2CEB /* UMSH/Features/DeviceSetup/RadioProfileSource.swift */; };
		125C4AB3541CAADCD692DEB3 /* UMSH/Features/DeviceSetup/DeviceConfigDraft.swift in Sources */ = {isa = PBXBuildFile; fileRef = 225C4AB3541CAADCD692DEB3 /* UMSH/Features/DeviceSetup/DeviceConfigDraft.swift */; };
		1A73C9AF3B3350CE8DA3FBE8 /* UMSH/Features/DeviceSetup/DeviceSettingsSections.swift in Sources */ = {isa = PBXBuildFile; fileRef = 2A73C9AF3B3350CE8DA3FBE8 /* UMSH/Features/DeviceSetup/DeviceSettingsSections.swift */; };
		1DBB447190D88B97C2E1121D /* UMSH/Features/DeviceSetup/DeviceSetupPlan.swift in Sources */ = {isa = PBXBuildFile; fileRef = 2DBB447190D88B97C2E1121D /* UMSH/Features/DeviceSetup/DeviceSetupPlan.swift */; };
		189E24E06FC3973F4240F560 /* UMSH/Features/DeviceSetup/DeviceSetupResultView.swift in Sources */ = {isa = PBXBuildFile; fileRef = 289E24E06FC3973F4240F560 /* UMSH/Features/DeviceSetup/DeviceSetupResultView.swift */; };
		10000000000000000000002B /* UMSH/Services/Radio/BluetoothErrorText.swift in Sources */ = {isa = PBXBuildFile; fileRef = 20000000000000000000002B /* UMSH/Services/Radio/BluetoothErrorText.swift */; };
		10000000000000000000002C /* UMSH/App/StorageUnavailableView.swift in Sources */ = {isa = PBXBuildFile; fileRef = 20000000000000000000002C /* UMSH/App/StorageUnavailableView.swift */; };
		10000000000000000000002D /* UMSH/Features/Peers/PeerDetailView.swift in Sources */ = {isa = PBXBuildFile; fileRef = 20000000000000000000002D /* UMSH/Features/Peers/PeerDetailView.swift */; };
		10000000000000000000002E /* UMSH/Features/Peers/NodeImportView.swift in Sources */ = {isa = PBXBuildFile; fileRef = 20000000000000000000002E /* UMSH/Features/Peers/NodeImportView.swift */; };
		10000000000000000000002F /* UMSH/Features/Peers/DiscoverPeersView.swift in Sources */ = {isa = PBXBuildFile; fileRef = 20000000000000000000002F /* UMSH/Features/Peers/DiscoverPeersView.swift */; };
		100000000000000000000003 /* UMSH/Models/RadioSnapshot.swift in Sources */ = {isa = PBXBuildFile; fileRef = 200000000000000000000003 /* UMSH/Models/RadioSnapshot.swift */; };
		100000000000000000000004 /* UMSH/Services/Radio/RadioConnection.swift in Sources */ = {isa = PBXBuildFile; fileRef = 200000000000000000000004 /* UMSH/Services/Radio/RadioConnection.swift */; };
		100000000000000000000005 /* UMSH/Services/Radio/FakeRadioConnection.swift in Sources */ = {isa = PBXBuildFile; fileRef = 200000000000000000000005 /* UMSH/Services/Radio/FakeRadioConnection.swift */; };
		100000000000000000000006 /* UMSH/Services/MobileCore/MeshEngine.swift in Sources */ = {isa = PBXBuildFile; fileRef = 200000000000000000000006 /* UMSH/Services/MobileCore/MeshEngine.swift */; };
		100000000000000000000007 /* UMSH/Services/MobileCore/RustMeshEngine.swift in Sources */ = {isa = PBXBuildFile; fileRef = 200000000000000000000007 /* UMSH/Services/MobileCore/RustMeshEngine.swift */; };
		100000000000000000000008 /* UMSH/Services/MobileCore/FakeMeshEngine.swift in Sources */ = {isa = PBXBuildFile; fileRef = 200000000000000000000008 /* UMSH/Services/MobileCore/FakeMeshEngine.swift */; };
		100000000000000000000009 /* UMSH/DesignSystem/RadioToolbarItem.swift in Sources */ = {isa = PBXBuildFile; fileRef = 200000000000000000000009 /* UMSH/DesignSystem/RadioToolbarItem.swift */; };
		10000000000000000000000A /* UMSH/Features/Conversations/ConversationsView.swift in Sources */ = {isa = PBXBuildFile; fileRef = 20000000000000000000000A /* UMSH/Features/Conversations/ConversationsView.swift */; };
		10000000000000000000000B /* UMSH/Features/Peers/PeersView.swift in Sources */ = {isa = PBXBuildFile; fileRef = 20000000000000000000000B /* UMSH/Features/Peers/PeersView.swift */; };
		10000000000000000000000C /* UMSH/Features/Settings/SettingsView.swift in Sources */ = {isa = PBXBuildFile; fileRef = 20000000000000000000000C /* UMSH/Features/Settings/SettingsView.swift */; };
		10000000000000000000000D /* UMSHMobileCore in Frameworks */ = {isa = PBXBuildFile; productRef = A00000000000000000000002 /* UMSHMobileCore */; };
		10000000000000000000000E /* UMSH/DesignSystem/PeerAvatar.swift in Sources */ = {isa = PBXBuildFile; fileRef = 20000000000000000000000E /* UMSH/DesignSystem/PeerAvatar.swift */; };
		10000000000000000000000F /* UMSH/DesignSystem/CanonicalAddressView.swift in Sources */ = {isa = PBXBuildFile; fileRef = 20000000000000000000000F /* UMSH/DesignSystem/CanonicalAddressView.swift */; };
		100000000000000000000010 /* UMSH/Services/Identity/IdentityVault.swift in Sources */ = {isa = PBXBuildFile; fileRef = 200000000000000000000010 /* UMSH/Services/Identity/IdentityVault.swift */; };
		100000000000000000000011 /* UMSH/Services/Identity/FrameCounterReservationStore.swift in Sources */ = {isa = PBXBuildFile; fileRef = 200000000000000000000011 /* UMSH/Services/Identity/FrameCounterReservationStore.swift */; };
		100000000000000000000012 /* UMSH/Services/Persistence/SQLiteApplicationStore.swift in Sources */ = {isa = PBXBuildFile; fileRef = 200000000000000000000012 /* UMSH/Services/Persistence/SQLiteApplicationStore.swift */; };
		100000000000000000000013 /* UMSH/Services/Radio/CoreBluetoothRadioConnection.swift in Sources */ = {isa = PBXBuildFile; fileRef = 200000000000000000000013 /* UMSH/Services/Radio/CoreBluetoothRadioConnection.swift */; };
		100000000000000000000014 /* UMSH/Models/ConversationModels.swift in Sources */ = {isa = PBXBuildFile; fileRef = 200000000000000000000014 /* UMSH/Models/ConversationModels.swift */; };
		100000000000000000000015 /* UMSH/DesignSystem/IdentityQRCodeView.swift in Sources */ = {isa = PBXBuildFile; fileRef = 200000000000000000000015 /* UMSH/DesignSystem/IdentityQRCodeView.swift */; };
		100000000000000000000016 /* UMSH/Services/Notifications/ChatNotificationService.swift in Sources */ = {isa = PBXBuildFile; fileRef = 200000000000000000000016 /* UMSH/Services/Notifications/ChatNotificationService.swift */; };
		100000000000000000000017 /* UMSH/Assets.xcassets in Resources */ = {isa = PBXBuildFile; fileRef = 200000000000000000000017 /* UMSH/Assets.xcassets */; };
		100000000000000000000018 /* UMSH/Models/DiscoveredRadio.swift in Sources */ = {isa = PBXBuildFile; fileRef = 200000000000000000000018 /* UMSH/Models/DiscoveredRadio.swift */; };
		100000000000000000000019 /* UMSH/Features/Settings/RadioPickerView.swift in Sources */ = {isa = PBXBuildFile; fileRef = 200000000000000000000019 /* UMSH/Features/Settings/RadioPickerView.swift */; };
		100000000000000000000030 /* UMSH/Services/Identity/ChannelKeyVault.swift in Sources */ = {isa = PBXBuildFile; fileRef = 200000000000000000000030 /* UMSH/Services/Identity/ChannelKeyVault.swift */; };
		100000000000000000000031 /* UMSH/Models/ChannelModels.swift in Sources */ = {isa = PBXBuildFile; fileRef = 200000000000000000000031 /* UMSH/Models/ChannelModels.swift */; };
		100000000000000000000032 /* UMSH/Features/Channels/ChannelsView.swift in Sources */ = {isa = PBXBuildFile; fileRef = 200000000000000000000032 /* UMSH/Features/Channels/ChannelsView.swift */; };
		100000000000000000000033 /* UMSH/Features/Channels/ChannelJoinView.swift in Sources */ = {isa = PBXBuildFile; fileRef = 200000000000000000000033 /* UMSH/Features/Channels/ChannelJoinView.swift */; };
		100000000000000000000034 /* UMSH/Features/Channels/ChannelCreateView.swift in Sources */ = {isa = PBXBuildFile; fileRef = 200000000000000000000034 /* UMSH/Features/Channels/ChannelCreateView.swift */; };
		100000000000000000000035 /* UMSH/Features/Channels/ChannelDetailView.swift in Sources */ = {isa = PBXBuildFile; fileRef = 200000000000000000000035 /* UMSH/Features/Channels/ChannelDetailView.swift */; };
		100000000000000000000036 /* UMSH/DesignSystem/ChannelAvatar.swift in Sources */ = {isa = PBXBuildFile; fileRef = 200000000000000000000036 /* UMSH/DesignSystem/ChannelAvatar.swift */; };
		100000000000000000000037 /* UMSH/Features/Conversations/ChannelChatViews.swift in Sources */ = {isa = PBXBuildFile; fileRef = 200000000000000000000037 /* UMSH/Features/Conversations/ChannelChatViews.swift */; };
		100000000000000000000038 /* UMSH/Features/Conversations/ConversationInfoViews.swift in Sources */ = {isa = PBXBuildFile; fileRef = 200000000000000000000038 /* UMSH/Features/Conversations/ConversationInfoViews.swift */; };
		100000000000000000000039 /* UMSH/Models/TranscriptModels.swift in Sources */ = {isa = PBXBuildFile; fileRef = 200000000000000000000039 /* UMSH/Models/TranscriptModels.swift */; };
		10000000000000000000003A /* UMSH/Features/Conversations/ConversationThreadView.swift in Sources */ = {isa = PBXBuildFile; fileRef = 20000000000000000000003A /* UMSH/Features/Conversations/ConversationThreadView.swift */; };
		10000000000000000000003B /* UMSH/Features/Conversations/TranscriptScrollSupport.swift in Sources */ = {isa = PBXBuildFile; fileRef = 20000000000000000000003B /* UMSH/Features/Conversations/TranscriptScrollSupport.swift */; };
		10000000000000000000003C /* UMSH/Features/Conversations/ChatMessageBubble.swift in Sources */ = {isa = PBXBuildFile; fileRef = 20000000000000000000003C /* UMSH/Features/Conversations/ChatMessageBubble.swift */; };
		10000000000000000000003D /* UMSH/Features/Conversations/MessageComposer.swift in Sources */ = {isa = PBXBuildFile; fileRef = 20000000000000000000003D /* UMSH/Features/Conversations/MessageComposer.swift */; };
		100000000000000000000051 /* UMSH/Features/Conversations/MessageReactions.swift in Sources */ = {isa = PBXBuildFile; fileRef = 200000000000000000000051 /* UMSH/Features/Conversations/MessageReactions.swift */; };
		100000000000000000000052 /* UMSH/Features/Conversations/ConversationSecurity.swift in Sources */ = {isa = PBXBuildFile; fileRef = 200000000000000000000052 /* UMSH/Features/Conversations/ConversationSecurity.swift */; };
		10000000000000000000003E /* UMSH/Features/Map/NodeMapView.swift in Sources */ = {isa = PBXBuildFile; fileRef = 20000000000000000000003E /* UMSH/Features/Map/NodeMapView.swift */; };
		10000000000000000000003F /* UMSH/Features/Map/MapNodeModels.swift in Sources */ = {isa = PBXBuildFile; fileRef = 20000000000000000000003F /* UMSH/Features/Map/MapNodeModels.swift */; };
		100000000000000000000040 /* UMSH/Features/Map/NodeMapAnnotationViews.swift in Sources */ = {isa = PBXBuildFile; fileRef = 200000000000000000000040 /* UMSH/Features/Map/NodeMapAnnotationViews.swift */; };
		100000000000000000000041 /* UMSH/Features/Map/MapBottomCard.swift in Sources */ = {isa = PBXBuildFile; fileRef = 200000000000000000000041 /* UMSH/Features/Map/MapBottomCard.swift */; };
		100000000000000000000042 /* UMSH/Features/Map/MapNodeListCard.swift in Sources */ = {isa = PBXBuildFile; fileRef = 200000000000000000000042 /* UMSH/Features/Map/MapNodeListCard.swift */; };
		100000000000000000000043 /* UMSH/DesignSystem/LocationPresentation.swift in Sources */ = {isa = PBXBuildFile; fileRef = 200000000000000000000043 /* UMSH/DesignSystem/LocationPresentation.swift */; };
		100000000000000000000044 /* UMSH/DesignSystem/RadioPositionPoll.swift in Sources */ = {isa = PBXBuildFile; fileRef = 200000000000000000000044 /* UMSH/DesignSystem/RadioPositionPoll.swift */; };
		100000000000000000000045 /* UMSH/Services/PhoneLocationService.swift in Sources */ = {isa = PBXBuildFile; fileRef = 200000000000000000000045 /* UMSH/Services/PhoneLocationService.swift */; };
		100000000000000000000050 /* UMSH/PrivacyInfo.xcprivacy in Resources */ = {isa = PBXBuildFile; fileRef = 200000000000000000000050 /* UMSH/PrivacyInfo.xcprivacy */; };
/* End PBXBuildFile section */

/* Begin PBXFileReference section */
		200000000000000000000001 /* UMSH/App/UMSHApp.swift */ = {isa = PBXFileReference; lastKnownFileType = sourcecode.swift; path = UMSH/App/UMSHApp.swift; sourceTree = "<group>"; };
		20000000000000000000001A /* UMSH/Services/Radio/RadioGatt.swift */ = {isa = PBXFileReference; lastKnownFileType = sourcecode.swift; path = UMSH/Services/Radio/RadioGatt.swift; sourceTree = "<group>"; };
		20000000000000000000001B /* UMSH/Services/Radio/AdminSessionRegistry.swift */ = {isa = PBXFileReference; lastKnownFileType = sourcecode.swift; path = UMSH/Services/Radio/AdminSessionRegistry.swift; sourceTree = "<group>"; };
		20000000000000000000001C /* UMSH/Services/Radio/AdministrativeDeviceSession.swift */ = {isa = PBXFileReference; lastKnownFileType = sourcecode.swift; path = UMSH/Services/Radio/AdministrativeDeviceSession.swift; sourceTree = "<group>"; };
		20000000000000000000001D /* UMSH/Features/DeviceSetup/DeviceSetupFlowView.swift */ = {isa = PBXFileReference; lastKnownFileType = sourcecode.swift; path = UMSH/Features/DeviceSetup/DeviceSetupFlowView.swift; sourceTree = "<group>"; };
		20000000000000000000001E /* UMSH/Features/DeviceSetup/DeviceScanView.swift */ = {isa = PBXFileReference; lastKnownFileType = sourcecode.swift; path = UMSH/Features/DeviceSetup/DeviceScanView.swift; sourceTree = "<group>"; };
		20000000000000000000001F /* UMSH/Features/DeviceSetup/DeviceSettingsView.swift */ = {isa = PBXFileReference; lastKnownFileType = sourcecode.swift; path = UMSH/Features/DeviceSetup/DeviceSettingsView.swift; sourceTree = "<group>"; };
		200000000000000000000002 /* UMSH/App/AppRootView.swift */ = {isa = PBXFileReference; lastKnownFileType = sourcecode.swift; path = UMSH/App/AppRootView.swift; sourceTree = "<group>"; };
		20000000000000000000002A /* UMSH/Features/DeviceSetup/RepeaterSettingsSection.swift */ = {isa = PBXFileReference; lastKnownFileType = sourcecode.swift; path = UMSH/Features/DeviceSetup/RepeaterSettingsSection.swift; sourceTree = "<group>"; };
		2869C93FA5740240966C2CEB /* UMSH/Features/DeviceSetup/RadioProfileSource.swift */ = {isa = PBXFileReference; lastKnownFileType = sourcecode.swift; path = UMSH/Features/DeviceSetup/RadioProfileSource.swift; sourceTree = "<group>"; };
		225C4AB3541CAADCD692DEB3 /* UMSH/Features/DeviceSetup/DeviceConfigDraft.swift */ = {isa = PBXFileReference; lastKnownFileType = sourcecode.swift; path = UMSH/Features/DeviceSetup/DeviceConfigDraft.swift; sourceTree = "<group>"; };
		2A73C9AF3B3350CE8DA3FBE8 /* UMSH/Features/DeviceSetup/DeviceSettingsSections.swift */ = {isa = PBXFileReference; lastKnownFileType = sourcecode.swift; path = UMSH/Features/DeviceSetup/DeviceSettingsSections.swift; sourceTree = "<group>"; };
		2DBB447190D88B97C2E1121D /* UMSH/Features/DeviceSetup/DeviceSetupPlan.swift */ = {isa = PBXFileReference; lastKnownFileType = sourcecode.swift; path = UMSH/Features/DeviceSetup/DeviceSetupPlan.swift; sourceTree = "<group>"; };
		289E24E06FC3973F4240F560 /* UMSH/Features/DeviceSetup/DeviceSetupResultView.swift */ = {isa = PBXFileReference; lastKnownFileType = sourcecode.swift; path = UMSH/Features/DeviceSetup/DeviceSetupResultView.swift; sourceTree = "<group>"; };
		20000000000000000000002B /* UMSH/Services/Radio/BluetoothErrorText.swift */ = {isa = PBXFileReference; lastKnownFileType = sourcecode.swift; path = UMSH/Services/Radio/BluetoothErrorText.swift; sourceTree = "<group>"; };
		20000000000000000000002C /* UMSH/App/StorageUnavailableView.swift */ = {isa = PBXFileReference; lastKnownFileType = sourcecode.swift; path = UMSH/App/StorageUnavailableView.swift; sourceTree = "<group>"; };
		20000000000000000000002D /* UMSH/Features/Peers/PeerDetailView.swift */ = {isa = PBXFileReference; lastKnownFileType = sourcecode.swift; path = UMSH/Features/Peers/PeerDetailView.swift; sourceTree = "<group>"; };
		20000000000000000000002E /* UMSH/Features/Peers/NodeImportView.swift */ = {isa = PBXFileReference; lastKnownFileType = sourcecode.swift; path = UMSH/Features/Peers/NodeImportView.swift; sourceTree = "<group>"; };
		20000000000000000000002F /* UMSH/Features/Peers/DiscoverPeersView.swift */ = {isa = PBXFileReference; lastKnownFileType = sourcecode.swift; path = UMSH/Features/Peers/DiscoverPeersView.swift; sourceTree = "<group>"; };
		200000000000000000000003 /* UMSH/Models/RadioSnapshot.swift */ = {isa = PBXFileReference; lastKnownFileType = sourcecode.swift; path = UMSH/Models/RadioSnapshot.swift; sourceTree = "<group>"; };
		200000000000000000000004 /* UMSH/Services/Radio/RadioConnection.swift */ = {isa = PBXFileReference; lastKnownFileType = sourcecode.swift; path = UMSH/Services/Radio/RadioConnection.swift; sourceTree = "<group>"; };
		200000000000000000000005 /* UMSH/Services/Radio/FakeRadioConnection.swift */ = {isa = PBXFileReference; lastKnownFileType = sourcecode.swift; path = UMSH/Services/Radio/FakeRadioConnection.swift; sourceTree = "<group>"; };
		200000000000000000000006 /* UMSH/Services/MobileCore/MeshEngine.swift */ = {isa = PBXFileReference; lastKnownFileType = sourcecode.swift; path = UMSH/Services/MobileCore/MeshEngine.swift; sourceTree = "<group>"; };
		200000000000000000000007 /* UMSH/Services/MobileCore/RustMeshEngine.swift */ = {isa = PBXFileReference; lastKnownFileType = sourcecode.swift; path = UMSH/Services/MobileCore/RustMeshEngine.swift; sourceTree = "<group>"; };
		200000000000000000000008 /* UMSH/Services/MobileCore/FakeMeshEngine.swift */ = {isa = PBXFileReference; lastKnownFileType = sourcecode.swift; path = UMSH/Services/MobileCore/FakeMeshEngine.swift; sourceTree = "<group>"; };
		200000000000000000000009 /* UMSH/DesignSystem/RadioToolbarItem.swift */ = {isa = PBXFileReference; lastKnownFileType = sourcecode.swift; path = UMSH/DesignSystem/RadioToolbarItem.swift; sourceTree = "<group>"; };
		20000000000000000000000A /* UMSH/Features/Conversations/ConversationsView.swift */ = {isa = PBXFileReference; lastKnownFileType = sourcecode.swift; path = UMSH/Features/Conversations/ConversationsView.swift; sourceTree = "<group>"; };
		20000000000000000000000B /* UMSH/Features/Peers/PeersView.swift */ = {isa = PBXFileReference; lastKnownFileType = sourcecode.swift; path = UMSH/Features/Peers/PeersView.swift; sourceTree = "<group>"; };
		20000000000000000000000C /* UMSH/Features/Settings/SettingsView.swift */ = {isa = PBXFileReference; lastKnownFileType = sourcecode.swift; path = UMSH/Features/Settings/SettingsView.swift; sourceTree = "<group>"; };
		20000000000000000000000D /* UMSH.app */ = {isa = PBXFileReference; explicitFileType = wrapper.application; includeInIndex = 0; path = UMSH.app; sourceTree = BUILT_PRODUCTS_DIR; };
		20000000000000000000000E /* UMSH/DesignSystem/PeerAvatar.swift */ = {isa = PBXFileReference; lastKnownFileType = sourcecode.swift; path = UMSH/DesignSystem/PeerAvatar.swift; sourceTree = "<group>"; };
		20000000000000000000000F /* UMSH/DesignSystem/CanonicalAddressView.swift */ = {isa = PBXFileReference; lastKnownFileType = sourcecode.swift; path = UMSH/DesignSystem/CanonicalAddressView.swift; sourceTree = "<group>"; };
		200000000000000000000010 /* UMSH/Services/Identity/IdentityVault.swift */ = {isa = PBXFileReference; lastKnownFileType = sourcecode.swift; path = UMSH/Services/Identity/IdentityVault.swift; sourceTree = "<group>"; };
		200000000000000000000011 /* UMSH/Services/Identity/FrameCounterReservationStore.swift */ = {isa = PBXFileReference; lastKnownFileType = sourcecode.swift; path = UMSH/Services/Identity/FrameCounterReservationStore.swift; sourceTree = "<group>"; };
		200000000000000000000012 /* UMSH/Services/Persistence/SQLiteApplicationStore.swift */ = {isa = PBXFileReference; lastKnownFileType = sourcecode.swift; path = UMSH/Services/Persistence/SQLiteApplicationStore.swift; sourceTree = "<group>"; };
		200000000000000000000013 /* UMSH/Services/Radio/CoreBluetoothRadioConnection.swift */ = {isa = PBXFileReference; lastKnownFileType = sourcecode.swift; path = UMSH/Services/Radio/CoreBluetoothRadioConnection.swift; sourceTree = "<group>"; };
		200000000000000000000014 /* UMSH/Models/ConversationModels.swift */ = {isa = PBXFileReference; lastKnownFileType = sourcecode.swift; path = UMSH/Models/ConversationModels.swift; sourceTree = "<group>"; };
		200000000000000000000015 /* UMSH/DesignSystem/IdentityQRCodeView.swift */ = {isa = PBXFileReference; lastKnownFileType = sourcecode.swift; path = UMSH/DesignSystem/IdentityQRCodeView.swift; sourceTree = "<group>"; };
		200000000000000000000016 /* UMSH/Services/Notifications/ChatNotificationService.swift */ = {isa = PBXFileReference; lastKnownFileType = sourcecode.swift; path = UMSH/Services/Notifications/ChatNotificationService.swift; sourceTree = "<group>"; };
		200000000000000000000017 /* UMSH/Assets.xcassets */ = {isa = PBXFileReference; lastKnownFileType = folder.assetcatalog; path = UMSH/Assets.xcassets; sourceTree = "<group>"; };
		200000000000000000000018 /* UMSH/Models/DiscoveredRadio.swift */ = {isa = PBXFileReference; lastKnownFileType = sourcecode.swift; path = UMSH/Models/DiscoveredRadio.swift; sourceTree = "<group>"; };
		200000000000000000000019 /* UMSH/Features/Settings/RadioPickerView.swift */ = {isa = PBXFileReference; lastKnownFileType = sourcecode.swift; path = UMSH/Features/Settings/RadioPickerView.swift; sourceTree = "<group>"; };
		200000000000000000000030 /* UMSH/Services/Identity/ChannelKeyVault.swift */ = {isa = PBXFileReference; lastKnownFileType = sourcecode.swift; path = UMSH/Services/Identity/ChannelKeyVault.swift; sourceTree = "<group>"; };
		200000000000000000000031 /* UMSH/Models/ChannelModels.swift */ = {isa = PBXFileReference; lastKnownFileType = sourcecode.swift; path = UMSH/Models/ChannelModels.swift; sourceTree = "<group>"; };
		200000000000000000000032 /* UMSH/Features/Channels/ChannelsView.swift */ = {isa = PBXFileReference; lastKnownFileType = sourcecode.swift; path = UMSH/Features/Channels/ChannelsView.swift; sourceTree = "<group>"; };
		200000000000000000000033 /* UMSH/Features/Channels/ChannelJoinView.swift */ = {isa = PBXFileReference; lastKnownFileType = sourcecode.swift; path = UMSH/Features/Channels/ChannelJoinView.swift; sourceTree = "<group>"; };
		200000000000000000000034 /* UMSH/Features/Channels/ChannelCreateView.swift */ = {isa = PBXFileReference; lastKnownFileType = sourcecode.swift; path = UMSH/Features/Channels/ChannelCreateView.swift; sourceTree = "<group>"; };
		200000000000000000000035 /* UMSH/Features/Channels/ChannelDetailView.swift */ = {isa = PBXFileReference; lastKnownFileType = sourcecode.swift; path = UMSH/Features/Channels/ChannelDetailView.swift; sourceTree = "<group>"; };
		200000000000000000000036 /* UMSH/DesignSystem/ChannelAvatar.swift */ = {isa = PBXFileReference; lastKnownFileType = sourcecode.swift; path = UMSH/DesignSystem/ChannelAvatar.swift; sourceTree = "<group>"; };
		200000000000000000000037 /* UMSH/Features/Conversations/ChannelChatViews.swift */ = {isa = PBXFileReference; lastKnownFileType = sourcecode.swift; path = UMSH/Features/Conversations/ChannelChatViews.swift; sourceTree = "<group>"; };
		200000000000000000000038 /* UMSH/Features/Conversations/ConversationInfoViews.swift */ = {isa = PBXFileReference; lastKnownFileType = sourcecode.swift; path = UMSH/Features/Conversations/ConversationInfoViews.swift; sourceTree = "<group>"; };
		200000000000000000000039 /* UMSH/Models/TranscriptModels.swift */ = {isa = PBXFileReference; lastKnownFileType = sourcecode.swift; path = UMSH/Models/TranscriptModels.swift; sourceTree = "<group>"; };
		20000000000000000000003A /* UMSH/Features/Conversations/ConversationThreadView.swift */ = {isa = PBXFileReference; lastKnownFileType = sourcecode.swift; path = UMSH/Features/Conversations/ConversationThreadView.swift; sourceTree = "<group>"; };
		20000000000000000000003B /* UMSH/Features/Conversations/TranscriptScrollSupport.swift */ = {isa = PBXFileReference; lastKnownFileType = sourcecode.swift; path = UMSH/Features/Conversations/TranscriptScrollSupport.swift; sourceTree = "<group>"; };
		20000000000000000000003C /* UMSH/Features/Conversations/ChatMessageBubble.swift */ = {isa = PBXFileReference; lastKnownFileType = sourcecode.swift; path = UMSH/Features/Conversations/ChatMessageBubble.swift; sourceTree = "<group>"; };
		20000000000000000000003D /* UMSH/Features/Conversations/MessageComposer.swift */ = {isa = PBXFileReference; lastKnownFileType = sourcecode.swift; path = UMSH/Features/Conversations/MessageComposer.swift; sourceTree = "<group>"; };
		200000000000000000000051 /* UMSH/Features/Conversations/MessageReactions.swift */ = {isa = PBXFileReference; lastKnownFileType = sourcecode.swift; path = UMSH/Features/Conversations/MessageReactions.swift; sourceTree = "<group>"; };
		200000000000000000000052 /* UMSH/Features/Conversations/ConversationSecurity.swift */ = {isa = PBXFileReference; lastKnownFileType = sourcecode.swift; path = UMSH/Features/Conversations/ConversationSecurity.swift; sourceTree = "<group>"; };
		20000000000000000000003E /* UMSH/Features/Map/NodeMapView.swift */ = {isa = PBXFileReference; lastKnownFileType = sourcecode.swift; path = UMSH/Features/Map/NodeMapView.swift; sourceTree = "<group>"; };
		20000000000000000000003F /* UMSH/Features/Map/MapNodeModels.swift */ = {isa = PBXFileReference; lastKnownFileType = sourcecode.swift; path = UMSH/Features/Map/MapNodeModels.swift; sourceTree = "<group>"; };
		200000000000000000000040 /* UMSH/Features/Map/NodeMapAnnotationViews.swift */ = {isa = PBXFileReference; lastKnownFileType = sourcecode.swift; path = UMSH/Features/Map/NodeMapAnnotationViews.swift; sourceTree = "<group>"; };
		200000000000000000000041 /* UMSH/Features/Map/MapBottomCard.swift */ = {isa = PBXFileReference; lastKnownFileType = sourcecode.swift; path = UMSH/Features/Map/MapBottomCard.swift; sourceTree = "<group>"; };
		200000000000000000000042 /* UMSH/Features/Map/MapNodeListCard.swift */ = {isa = PBXFileReference; lastKnownFileType = sourcecode.swift; path = UMSH/Features/Map/MapNodeListCard.swift; sourceTree = "<group>"; };
		200000000000000000000043 /* UMSH/DesignSystem/LocationPresentation.swift */ = {isa = PBXFileReference; lastKnownFileType = sourcecode.swift; path = UMSH/DesignSystem/LocationPresentation.swift; sourceTree = "<group>"; };
		200000000000000000000044 /* UMSH/DesignSystem/RadioPositionPoll.swift */ = {isa = PBXFileReference; lastKnownFileType = sourcecode.swift; path = UMSH/DesignSystem/RadioPositionPoll.swift; sourceTree = "<group>"; };
		200000000000000000000045 /* UMSH/Services/PhoneLocationService.swift */ = {isa = PBXFileReference; lastKnownFileType = sourcecode.swift; path = UMSH/Services/PhoneLocationService.swift; sourceTree = "<group>"; };
		200000000000000000000050 /* UMSH/PrivacyInfo.xcprivacy */ = {isa = PBXFileReference; lastKnownFileType = text.plist.xml; path = UMSH/PrivacyInfo.xcprivacy; sourceTree = "<group>"; };
/* End PBXFileReference section */

/* Begin PBXFrameworksBuildPhase section */
		300000000000000000000001 /* Frameworks */ = {
			isa = PBXFrameworksBuildPhase;
			buildActionMask = 2147483647;
			files = (
				10000000000000000000000D /* UMSHMobileCore in Frameworks */,
			);
			runOnlyForDeploymentPostprocessing = 0;
		};
/* End PBXFrameworksBuildPhase section */

/* Begin PBXGroup section */
		400000000000000000000001 = {
			isa = PBXGroup;
			children = (
				400000000000000000000002 /* Sources */,
				400000000000000000000003 /* Products */,
			);
			sourceTree = "<group>";
		};
		400000000000000000000002 /* Sources */ = {
			isa = PBXGroup;
			children = (
				200000000000000000000001 /* UMSH/App/UMSHApp.swift */,
				200000000000000000000002 /* UMSH/App/AppRootView.swift */,
				200000000000000000000003 /* UMSH/Models/RadioSnapshot.swift */,
				200000000000000000000004 /* UMSH/Services/Radio/RadioConnection.swift */,
				200000000000000000000005 /* UMSH/Services/Radio/FakeRadioConnection.swift */,
				200000000000000000000006 /* UMSH/Services/MobileCore/MeshEngine.swift */,
				200000000000000000000007 /* UMSH/Services/MobileCore/RustMeshEngine.swift */,
				200000000000000000000008 /* UMSH/Services/MobileCore/FakeMeshEngine.swift */,
				200000000000000000000009 /* UMSH/DesignSystem/RadioToolbarItem.swift */,
				20000000000000000000000A /* UMSH/Features/Conversations/ConversationsView.swift */,
				20000000000000000000000B /* UMSH/Features/Peers/PeersView.swift */,
				20000000000000000000002D /* UMSH/Features/Peers/PeerDetailView.swift */,
				20000000000000000000002E /* UMSH/Features/Peers/NodeImportView.swift */,
				20000000000000000000002F /* UMSH/Features/Peers/DiscoverPeersView.swift */,
				20000000000000000000003E /* UMSH/Features/Map/NodeMapView.swift */,
				20000000000000000000003F /* UMSH/Features/Map/MapNodeModels.swift */,
				200000000000000000000040 /* UMSH/Features/Map/NodeMapAnnotationViews.swift */,
				200000000000000000000041 /* UMSH/Features/Map/MapBottomCard.swift */,
				200000000000000000000042 /* UMSH/Features/Map/MapNodeListCard.swift */,
				200000000000000000000032 /* UMSH/Features/Channels/ChannelsView.swift */,
				200000000000000000000033 /* UMSH/Features/Channels/ChannelJoinView.swift */,
				200000000000000000000034 /* UMSH/Features/Channels/ChannelCreateView.swift */,
				200000000000000000000035 /* UMSH/Features/Channels/ChannelDetailView.swift */,
				20000000000000000000000C /* UMSH/Features/Settings/SettingsView.swift */,
				20000000000000000000000E /* UMSH/DesignSystem/PeerAvatar.swift */,
				200000000000000000000036 /* UMSH/DesignSystem/ChannelAvatar.swift */,
				200000000000000000000037 /* UMSH/Features/Conversations/ChannelChatViews.swift */,
				200000000000000000000038 /* UMSH/Features/Conversations/ConversationInfoViews.swift */,
				20000000000000000000003A /* UMSH/Features/Conversations/ConversationThreadView.swift */,
				20000000000000000000003B /* UMSH/Features/Conversations/TranscriptScrollSupport.swift */,
				20000000000000000000003C /* UMSH/Features/Conversations/ChatMessageBubble.swift */,
				20000000000000000000003D /* UMSH/Features/Conversations/MessageComposer.swift */,
				200000000000000000000051 /* UMSH/Features/Conversations/MessageReactions.swift */,
				200000000000000000000052 /* UMSH/Features/Conversations/ConversationSecurity.swift */,
				20000000000000000000000F /* UMSH/DesignSystem/CanonicalAddressView.swift */,
				200000000000000000000043 /* UMSH/DesignSystem/LocationPresentation.swift */,
				200000000000000000000044 /* UMSH/DesignSystem/RadioPositionPoll.swift */,
				200000000000000000000015 /* UMSH/DesignSystem/IdentityQRCodeView.swift */,
				200000000000000000000016 /* UMSH/Services/Notifications/ChatNotificationService.swift */,
				200000000000000000000045 /* UMSH/Services/PhoneLocationService.swift */,
				200000000000000000000010 /* UMSH/Services/Identity/IdentityVault.swift */,
				200000000000000000000030 /* UMSH/Services/Identity/ChannelKeyVault.swift */,
				200000000000000000000011 /* UMSH/Services/Identity/FrameCounterReservationStore.swift */,
				200000000000000000000012 /* UMSH/Services/Persistence/SQLiteApplicationStore.swift */,
				200000000000000000000013 /* UMSH/Services/Radio/CoreBluetoothRadioConnection.swift */,
				20000000000000000000001A /* UMSH/Services/Radio/RadioGatt.swift */,
				20000000000000000000001B /* UMSH/Services/Radio/AdminSessionRegistry.swift */,
				20000000000000000000001C /* UMSH/Services/Radio/AdministrativeDeviceSession.swift */,
				200000000000000000000014 /* UMSH/Models/ConversationModels.swift */,
				200000000000000000000039 /* UMSH/Models/TranscriptModels.swift */,
				200000000000000000000031 /* UMSH/Models/ChannelModels.swift */,
				200000000000000000000018 /* UMSH/Models/DiscoveredRadio.swift */,
				200000000000000000000019 /* UMSH/Features/Settings/RadioPickerView.swift */,
				20000000000000000000001D /* UMSH/Features/DeviceSetup/DeviceSetupFlowView.swift */,
				20000000000000000000001E /* UMSH/Features/DeviceSetup/DeviceScanView.swift */,
				20000000000000000000001F /* UMSH/Features/DeviceSetup/DeviceSettingsView.swift */,
				20000000000000000000002A /* UMSH/Features/DeviceSetup/RepeaterSettingsSection.swift */,
				2869C93FA5740240966C2CEB /* UMSH/Features/DeviceSetup/RadioProfileSource.swift */,
				225C4AB3541CAADCD692DEB3 /* UMSH/Features/DeviceSetup/DeviceConfigDraft.swift */,
				2A73C9AF3B3350CE8DA3FBE8 /* UMSH/Features/DeviceSetup/DeviceSettingsSections.swift */,
				2DBB447190D88B97C2E1121D /* UMSH/Features/DeviceSetup/DeviceSetupPlan.swift */,
				289E24E06FC3973F4240F560 /* UMSH/Features/DeviceSetup/DeviceSetupResultView.swift */,
				20000000000000000000002B /* UMSH/Services/Radio/BluetoothErrorText.swift */,
				20000000000000000000002C /* UMSH/App/StorageUnavailableView.swift */,
				200000000000000000000017 /* UMSH/Assets.xcassets */,
				200000000000000000000050 /* UMSH/PrivacyInfo.xcprivacy */,
			);
			name = Sources;
			sourceTree = "<group>";
		};
		400000000000000000000003 /* Products */ = {
			isa = PBXGroup;
			children = (
				20000000000000000000000D /* UMSH.app */,
			);
			name = Products;
			sourceTree = "<group>";
		};
/* End PBXGroup section */

/* Begin PBXNativeTarget section */
		500000000000000000000001 /* UMSH */ = {
			isa = PBXNativeTarget;
			buildConfigurationList = 800000000000000000000002 /* Build configuration list for PBXNativeTarget "UMSH" */;
			buildPhases = (
				600000000000000000000001 /* Sources */,
				300000000000000000000001 /* Frameworks */,
				600000000000000000000002 /* Resources */,
			);
			buildRules = (
			);
			dependencies = (
			);
			name = UMSH;
			packageProductDependencies = (
				A00000000000000000000002 /* UMSHMobileCore */,
			);
			productName = UMSH;
			productReference = 20000000000000000000000D /* UMSH.app */;
			productType = "com.apple.product-type.application";
		};
/* End PBXNativeTarget section */

/* Begin PBXProject section */
		700000000000000000000001 /* Project object */ = {
			isa = PBXProject;
			attributes = {
				BuildIndependentTargetsInParallel = 1;
				LastSwiftUpdateCheck = 2660;
				LastUpgradeCheck = 2660;
				TargetAttributes = {
					500000000000000000000001 = {
						CreatedOnToolsVersion = 26.6;
					};
				};
			};
			buildConfigurationList = 800000000000000000000001 /* Build configuration list for PBXProject "UMSH" */;
			compatibilityVersion = "Xcode 14.0";
			developmentRegion = en;
			hasScannedForEncodings = 0;
			knownRegions = (
				en,
				Base,
			);
			mainGroup = 400000000000000000000001;
			packageReferences = (
				A00000000000000000000001 /* XCLocalSwiftPackageReference "../../packages/UMSHMobileCore" */,
			);
			productRefGroup = 400000000000000000000003 /* Products */;
			projectDirPath = "";
			projectRoot = "";
			targets = (
				500000000000000000000001 /* UMSH */,
			);
		};
/* End PBXProject section */

/* Begin PBXResourcesBuildPhase section */
		600000000000000000000002 /* Resources */ = {
			isa = PBXResourcesBuildPhase;
			buildActionMask = 2147483647;
			files = (
				100000000000000000000017 /* UMSH/Assets.xcassets in Resources */,
				100000000000000000000050 /* UMSH/PrivacyInfo.xcprivacy in Resources */,
			);
			runOnlyForDeploymentPostprocessing = 0;
		};
/* End PBXResourcesBuildPhase section */

/* Begin PBXSourcesBuildPhase section */
		600000000000000000000001 /* Sources */ = {
			isa = PBXSourcesBuildPhase;
			buildActionMask = 2147483647;
			files = (
				100000000000000000000001 /* UMSH/App/UMSHApp.swift in Sources */,
				100000000000000000000002 /* UMSH/App/AppRootView.swift in Sources */,
				100000000000000000000003 /* UMSH/Models/RadioSnapshot.swift in Sources */,
				100000000000000000000004 /* UMSH/Services/Radio/RadioConnection.swift in Sources */,
				100000000000000000000005 /* UMSH/Services/Radio/FakeRadioConnection.swift in Sources */,
				100000000000000000000006 /* UMSH/Services/MobileCore/MeshEngine.swift in Sources */,
				100000000000000000000007 /* UMSH/Services/MobileCore/RustMeshEngine.swift in Sources */,
				100000000000000000000008 /* UMSH/Services/MobileCore/FakeMeshEngine.swift in Sources */,
				100000000000000000000009 /* UMSH/DesignSystem/RadioToolbarItem.swift in Sources */,
				10000000000000000000000A /* UMSH/Features/Conversations/ConversationsView.swift in Sources */,
				10000000000000000000000B /* UMSH/Features/Peers/PeersView.swift in Sources */,
				10000000000000000000002D /* UMSH/Features/Peers/PeerDetailView.swift in Sources */,
				10000000000000000000002E /* UMSH/Features/Peers/NodeImportView.swift in Sources */,
				10000000000000000000002F /* UMSH/Features/Peers/DiscoverPeersView.swift in Sources */,
				10000000000000000000003E /* UMSH/Features/Map/NodeMapView.swift in Sources */,
				10000000000000000000003F /* UMSH/Features/Map/MapNodeModels.swift in Sources */,
				100000000000000000000040 /* UMSH/Features/Map/NodeMapAnnotationViews.swift in Sources */,
				100000000000000000000041 /* UMSH/Features/Map/MapBottomCard.swift in Sources */,
				100000000000000000000042 /* UMSH/Features/Map/MapNodeListCard.swift in Sources */,
				100000000000000000000032 /* UMSH/Features/Channels/ChannelsView.swift in Sources */,
				100000000000000000000033 /* UMSH/Features/Channels/ChannelJoinView.swift in Sources */,
				100000000000000000000034 /* UMSH/Features/Channels/ChannelCreateView.swift in Sources */,
				100000000000000000000035 /* UMSH/Features/Channels/ChannelDetailView.swift in Sources */,
				10000000000000000000000C /* UMSH/Features/Settings/SettingsView.swift in Sources */,
				10000000000000000000000E /* UMSH/DesignSystem/PeerAvatar.swift in Sources */,
				100000000000000000000036 /* UMSH/DesignSystem/ChannelAvatar.swift in Sources */,
				100000000000000000000037 /* UMSH/Features/Conversations/ChannelChatViews.swift in Sources */,
				100000000000000000000038 /* UMSH/Features/Conversations/ConversationInfoViews.swift in Sources */,
				10000000000000000000003A /* UMSH/Features/Conversations/ConversationThreadView.swift in Sources */,
				10000000000000000000003B /* UMSH/Features/Conversations/TranscriptScrollSupport.swift in Sources */,
				10000000000000000000003C /* UMSH/Features/Conversations/ChatMessageBubble.swift in Sources */,
				10000000000000000000003D /* UMSH/Features/Conversations/MessageComposer.swift in Sources */,
				100000000000000000000051 /* UMSH/Features/Conversations/MessageReactions.swift in Sources */,
				100000000000000000000052 /* UMSH/Features/Conversations/ConversationSecurity.swift in Sources */,
				10000000000000000000000F /* UMSH/DesignSystem/CanonicalAddressView.swift in Sources */,
				100000000000000000000043 /* UMSH/DesignSystem/LocationPresentation.swift in Sources */,
				100000000000000000000044 /* UMSH/DesignSystem/RadioPositionPoll.swift in Sources */,
				100000000000000000000045 /* UMSH/Services/PhoneLocationService.swift in Sources */,
				100000000000000000000015 /* UMSH/DesignSystem/IdentityQRCodeView.swift in Sources */,
				100000000000000000000016 /* UMSH/Services/Notifications/ChatNotificationService.swift in Sources */,
				100000000000000000000010 /* UMSH/Services/Identity/IdentityVault.swift in Sources */,
				100000000000000000000030 /* UMSH/Services/Identity/ChannelKeyVault.swift in Sources */,
				100000000000000000000011 /* UMSH/Services/Identity/FrameCounterReservationStore.swift in Sources */,
				100000000000000000000012 /* UMSH/Services/Persistence/SQLiteApplicationStore.swift in Sources */,
				100000000000000000000013 /* UMSH/Services/Radio/CoreBluetoothRadioConnection.swift in Sources */,
				10000000000000000000001A /* UMSH/Services/Radio/RadioGatt.swift in Sources */,
				10000000000000000000001B /* UMSH/Services/Radio/AdminSessionRegistry.swift in Sources */,
				10000000000000000000001C /* UMSH/Services/Radio/AdministrativeDeviceSession.swift in Sources */,
				100000000000000000000014 /* UMSH/Models/ConversationModels.swift in Sources */,
				100000000000000000000039 /* UMSH/Models/TranscriptModels.swift in Sources */,
				100000000000000000000031 /* UMSH/Models/ChannelModels.swift in Sources */,
				100000000000000000000018 /* UMSH/Models/DiscoveredRadio.swift in Sources */,
				100000000000000000000019 /* UMSH/Features/Settings/RadioPickerView.swift in Sources */,
				10000000000000000000001D /* UMSH/Features/DeviceSetup/DeviceSetupFlowView.swift in Sources */,
				10000000000000000000001E /* UMSH/Features/DeviceSetup/DeviceScanView.swift in Sources */,
				10000000000000000000001F /* UMSH/Features/DeviceSetup/DeviceSettingsView.swift in Sources */,
				10000000000000000000002A /* UMSH/Features/DeviceSetup/RepeaterSettingsSection.swift in Sources */,
				1869C93FA5740240966C2CEB /* UMSH/Features/DeviceSetup/RadioProfileSource.swift in Sources */,
				125C4AB3541CAADCD692DEB3 /* UMSH/Features/DeviceSetup/DeviceConfigDraft.swift in Sources */,
				1A73C9AF3B3350CE8DA3FBE8 /* UMSH/Features/DeviceSetup/DeviceSettingsSections.swift in Sources */,
				1DBB447190D88B97C2E1121D /* UMSH/Features/DeviceSetup/DeviceSetupPlan.swift in Sources */,
				189E24E06FC3973F4240F560 /* UMSH/Features/DeviceSetup/DeviceSetupResultView.swift in Sources */,
				10000000000000000000002B /* UMSH/Services/Radio/BluetoothErrorText.swift in Sources */,
				10000000000000000000002C /* UMSH/App/StorageUnavailableView.swift in Sources */,
			);
			runOnlyForDeploymentPostprocessing = 0;
		};
/* End PBXSourcesBuildPhase section */

/* Begin XCBuildConfiguration section */
		900000000000000000000001 /* Debug */ = {
			isa = XCBuildConfiguration;
			buildSettings = {
				CLANG_ENABLE_MODULES = YES;
				"EXCLUDED_ARCHS[sdk=iphonesimulator*]" = x86_64;
				SWIFT_ACTIVE_COMPILATION_CONDITIONS = DEBUG;
				SWIFT_VERSION = 6.0;
			};
			name = Debug;
		};
		900000000000000000000002 /* Release */ = {
			isa = XCBuildConfiguration;
			buildSettings = {
				CLANG_ENABLE_MODULES = YES;
				"EXCLUDED_ARCHS[sdk=iphonesimulator*]" = x86_64;
				SWIFT_COMPILATION_MODE = wholemodule;
				SWIFT_VERSION = 6.0;
			};
			name = Release;
		};
		900000000000000000000003 /* Debug */ = {
			isa = XCBuildConfiguration;
			buildSettings = {
				ASSETCATALOG_COMPILER_APPICON_NAME = AppIcon;
				ASSETCATALOG_COMPILER_INCLUDE_ALL_APPICON_ASSETS = NO;
				CODE_SIGN_STYLE = Automatic;
				CURRENT_PROJECT_VERSION = 1;
				DEVELOPMENT_TEAM = 2ZEL2X74K7;
				"EXCLUDED_ARCHS[sdk=iphonesimulator*]" = x86_64;
				GENERATE_INFOPLIST_FILE = YES;
				INFOPLIST_FILE = UMSH/Info.plist;
				INFOPLIST_KEY_CFBundleDisplayName = UMSH;
				INFOPLIST_KEY_ITSAppUsesNonExemptEncryption = NO;
				INFOPLIST_KEY_LSApplicationCategoryType = "public.app-category.social-networking";
				INFOPLIST_KEY_NSBluetoothAlwaysUsageDescription = "UMSH uses Bluetooth to connect to your companion radio.";
				INFOPLIST_KEY_NSLocationWhenInUseUsageDescription = "UMSH reads your location only when you choose to include it in the identity your phone announces to the mesh, reduced to the area size you pick.";
				INFOPLIST_KEY_UIApplicationSceneManifest_Generation = YES;
				INFOPLIST_KEY_UIApplicationSupportsIndirectInputEvents = YES;
				INFOPLIST_KEY_UISupportedInterfaceOrientations = UIInterfaceOrientationPortrait;
				IPHONEOS_DEPLOYMENT_TARGET = 18.0;
				MARKETING_VERSION = 0.1;
				PRODUCT_BUNDLE_IDENTIFIER = com.voria.umsh.app;
				PRODUCT_NAME = "$(TARGET_NAME)";
				SUPPORTED_PLATFORMS = "iphoneos iphonesimulator";
				SUPPORTS_MACCATALYST = NO;
				SUPPORTS_MAC_DESIGNED_FOR_IPHONE_IPAD = YES;
				SWIFT_ACTIVE_COMPILATION_CONDITIONS = DEBUG;
				SWIFT_EMIT_LOC_STRINGS = YES;
				SWIFT_VERSION = 6.0;
				TARGETED_DEVICE_FAMILY = 1;
			};
			name = Debug;
		};
		900000000000000000000004 /* Release */ = {
			isa = XCBuildConfiguration;
			buildSettings = {
				ASSETCATALOG_COMPILER_APPICON_NAME = AppIcon;
				ASSETCATALOG_COMPILER_INCLUDE_ALL_APPICON_ASSETS = NO;
				CODE_SIGN_STYLE = Automatic;
				CURRENT_PROJECT_VERSION = 1;
				DEVELOPMENT_TEAM = 2ZEL2X74K7;
				"EXCLUDED_ARCHS[sdk=iphonesimulator*]" = x86_64;
				GENERATE_INFOPLIST_FILE = YES;
				INFOPLIST_FILE = UMSH/Info.plist;
				INFOPLIST_KEY_CFBundleDisplayName = UMSH;
				INFOPLIST_KEY_ITSAppUsesNonExemptEncryption = NO;
				INFOPLIST_KEY_LSApplicationCategoryType = "public.app-category.social-networking";
				INFOPLIST_KEY_NSBluetoothAlwaysUsageDescription = "UMSH uses Bluetooth to connect to your companion radio.";
				INFOPLIST_KEY_NSLocationWhenInUseUsageDescription = "UMSH reads your location only when you choose to include it in the identity your phone announces to the mesh, reduced to the area size you pick.";
				INFOPLIST_KEY_UIApplicationSceneManifest_Generation = YES;
				INFOPLIST_KEY_UIApplicationSupportsIndirectInputEvents = YES;
				INFOPLIST_KEY_UISupportedInterfaceOrientations = UIInterfaceOrientationPortrait;
				IPHONEOS_DEPLOYMENT_TARGET = 18.0;
				MARKETING_VERSION = 0.1;
				PRODUCT_BUNDLE_IDENTIFIER = com.voria.umsh.app;
				PRODUCT_NAME = "$(TARGET_NAME)";
				SUPPORTED_PLATFORMS = "iphoneos iphonesimulator";
				SUPPORTS_MACCATALYST = NO;
				SUPPORTS_MAC_DESIGNED_FOR_IPHONE_IPAD = YES;
				SWIFT_EMIT_LOC_STRINGS = YES;
				SWIFT_VERSION = 6.0;
				TARGETED_DEVICE_FAMILY = 1;
			};
			name = Release;
		};
/* End XCBuildConfiguration section */

/* Begin XCConfigurationList section */
		800000000000000000000001 /* Build configuration list for PBXProject "UMSH" */ = {
			isa = XCConfigurationList;
			buildConfigurations = (
				900000000000000000000001 /* Debug */,
				900000000000000000000002 /* Release */,
			);
			defaultConfigurationIsVisible = 0;
			defaultConfigurationName = Release;
		};
		800000000000000000000002 /* Build configuration list for PBXNativeTarget "UMSH" */ = {
			isa = XCConfigurationList;
			buildConfigurations = (
				900000000000000000000003 /* Debug */,
				900000000000000000000004 /* Release */,
			);
			defaultConfigurationIsVisible = 0;
			defaultConfigurationName = Release;
		};
/* End XCConfigurationList section */

/* Begin XCLocalSwiftPackageReference section */
		A00000000000000000000001 /* XCLocalSwiftPackageReference "../../packages/UMSHMobileCore" */ = {
			isa = XCLocalSwiftPackageReference;
			relativePath = ../../packages/UMSHMobileCore;
		};
/* End XCLocalSwiftPackageReference section */

/* Begin XCSwiftPackageProductDependency section */
		A00000000000000000000002 /* UMSHMobileCore */ = {
			isa = XCSwiftPackageProductDependency;
			package = A00000000000000000000001 /* XCLocalSwiftPackageReference "../../packages/UMSHMobileCore" */;
			productName = UMSHMobileCore;
		};
/* End XCSwiftPackageProductDependency section */
	};
	rootObject = 700000000000000000000001 /* Project object */;
}
